
Microsoft Visual Studio Solution File, Format Version 12.00
# Visual Studio Version 16
VisualStudioVersion = 16.0.31911.196
MinimumVisualStudioVersion = 10.0.40219.1
Project("{FAE04EC0-301F-11D3-BF4B-00C04F79EFBC}") = "Validation", "Validation.csproj", "{86386DC6-C228-42DB-9C65-93A7BD6D1FE9}"
EndProject
Global
	GlobalSection(SolutionConfigurationPlatforms) = preSolution
		Debug|Any CPU = Debug|Any CPU
		Release|Any CPU = Release|Any CPU
	EndGlobalSection
	GlobalSection(ProjectConfigurationPlatforms) = postSolution
		{86386DC6-C228-42DB-9C65-93A7BD6D1FE9}.Debug|Any CPU.ActiveCfg = Debug|Any CPU
		{86386DC6-C228-42DB-9C65-93A7BD6D1FE9}.Debug|Any CPU.Build.0 = Debug|Any CPU
		{86386DC6-C228-42DB-9C65-93A7BD6D1FE9}.Release|Any CPU.ActiveCfg = Release|Any CPU
		{86386DC6-C228-42DB-9C65-93A7BD6D1FE9}.Release|Any CPU.Build.0 = Release|Any CPU
	EndGlobalSection
	GlobalSection(SolutionProperties) = preSolution
		HideSolutionNode = FALSE
	EndGlobalSection
	GlobalSection(ExtensibilityGlobals) = postSolution
		SolutionGuid = {80454617-BA2D-42B0-A414-9C614851E79C}
	EndGlobalSection
EndGlobal
